{
  "name": "non-profit",
  "lockfileVersion": 2,
  "requires": true,
  "packages": {
    "": {
      "dependencies": {
        "htmlincludejs": "^1.0.0",
        "jquery": "^3.6.4"
      }
    },
    "node_modules/htmlincludejs": {
      "version": "1.0.0",
      "resolved": "https://registry.npmjs.org/htmlincludejs/-/htmlincludejs-1.0.0.tgz",
      "integrity": "sha512-NzU6xp8l2RcGCi7h5GVdYUVGyCEduDtI1Eniyg3lYgOdUvZAk6pc2NBQVOW7tL1W1TWroZrvShMZVbRnQUjlyg=="
    },
    "node_modules/jquery": {
      "version": "3.6.4",
      "resolved": "https://registry.npmjs.org/jquery/-/jquery-3.6.4.tgz",
      "integrity": "sha512-v28EW9DWDFpzcD9O5iyJXg3R3+q+mET5JhnjJzQUZMHOv67bpSIHq81GEYpPNZHG+XXHsfSme3nxp/hndKEcsQ=="
    }
  },
  "dependencies": {
    "htmlincludejs": {
      "version": "1.0.0",
      "resolved": "https://registry.npmjs.org/htmlincludejs/-/htmlincludejs-1.0.0.tgz",
      "integrity": "sha512-NzU6xp8l2RcGCi7h5GVdYUVGyCEduDtI1Eniyg3lYgOdUvZAk6pc2NBQVOW7tL1W1TWroZrvShMZVbRnQUjlyg=="
    },
    "jquery": {
      "version": "3.6.4",
      "resolved": "https://registry.npmjs.org/jquery/-/jquery-3.6.4.tgz",
      "integrity": "sha512-v28EW9DWDFpzcD9O5iyJXg3R3+q+mET5JhnjJzQUZMHOv67bpSIHq81GEYpPNZHG+XXHsfSme3nxp/hndKEcsQ=="
    }
  }
}
